
Microsoft Visual Studio Solution File, Format Version 12.00
# Visual Studio Version 16
VisualStudioVersion = 16.0.30114.105
MinimumVisualStudioVersion = 10.0.40219.1
Project("{FAE04EC0-301F-11D3-BF4B-00C04F79EFBC}") = "ProEventosVS.API", "ProEventosVS.API\ProEventosVS.API.csproj", "{F7284482-F592-49C1-A5ED-B9D2266B8E84}"
EndProject
Global
	GlobalSection(SolutionConfigurationPlatforms) = preSolution
		Debug|Any CPU = Debug|Any CPU
		Release|Any CPU = Release|Any CPU
	EndGlobalSection
	GlobalSection(ProjectConfigurationPlatforms) = postSolution
		{F7284482-F592-49C1-A5ED-B9D2266B8E84}.Debug|Any CPU.ActiveCfg = Debug|Any CPU
		{F7284482-F592-49C1-A5ED-B9D2266B8E84}.Debug|Any CPU.Build.0 = Debug|Any CPU
		{F7284482-F592-49C1-A5ED-B9D2266B8E84}.Release|Any CPU.ActiveCfg = Release|Any CPU
		{F7284482-F592-49C1-A5ED-B9D2266B8E84}.Release|Any CPU.Build.0 = Release|Any CPU
	EndGlobalSection
	GlobalSection(SolutionProperties) = preSolution
		HideSolutionNode = FALSE
	EndGlobalSection
	GlobalSection(ExtensibilityGlobals) = postSolution
		SolutionGuid = {78D92A88-3A72-41B4-A445-FD03A4F895BF}
	EndGlobalSection
EndGlobal
